
Microsoft Visual Studio Solution File, Format Version 12.00
# Visual Studio Version 16
VisualStudioVersion = 16.0.31025.194
MinimumVisualStudioVersion = 10.0.40219.1
Project("{FAE04EC0-301F-11D3-BF4B-00C04F79EFBC}") = "MLImageProperties", "MLImageProperties\MLImageProperties.csproj", "{3670EDCA-CF65-4C1D-9ACC-CA374242F07B}"
EndProject
Global
	GlobalSection(SolutionConfigurationPlatforms) = preSolution
		Debug|Any CPU = Debug|Any CPU
		Release|Any CPU = Release|Any CPU
	EndGlobalSection
	GlobalSection(ProjectConfigurationPlatforms) = postSolution
		{3670EDCA-CF65-4C1D-9ACC-CA374242F07B}.Debug|Any CPU.ActiveCfg = Debug|Any CPU
		{3670EDCA-CF65-4C1D-9ACC-CA374242F07B}.Debug|Any CPU.Build.0 = Debug|Any CPU
		{3670EDCA-CF65-4C1D-9ACC-CA374242F07B}.Release|Any CPU.ActiveCfg = Release|Any CPU
		{3670EDCA-CF65-4C1D-9ACC-CA374242F07B}.Release|Any CPU.Build.0 = Release|Any CPU
	EndGlobalSection
	GlobalSection(SolutionProperties) = preSolution
		HideSolutionNode = FALSE
	EndGlobalSection
	GlobalSection(ExtensibilityGlobals) = postSolution
		SolutionGuid = {94E99F49-2407-4019-97E0-ECDEE00AB583}
	EndGlobalSection
EndGlobal
